
Microsoft Visual Studio Solution File, Format Version 12.00
# Visual Studio 15
VisualStudioVersion = 15.0.28307.539
MinimumVisualStudioVersion = 10.0.40219.1
Project("{F184B08F-C81C-45F6-A57F-5ABD9991F28F}") = "calculadora", "calculadora\calculadora.vbproj", "{084917B4-D4E2-4CC8-A6F4-12B8834C57A9}"
EndProject
Global
	GlobalSection(SolutionConfigurationPlatforms) = preSolution
		Debug|Any CPU = Debug|Any CPU
		Release|Any CPU = Release|Any CPU
	EndGlobalSection
	GlobalSection(ProjectConfigurationPlatforms) = postSolution
		{084917B4-D4E2-4CC8-A6F4-12B8834C57A9}.Debug|Any CPU.ActiveCfg = Debug|Any CPU
		{084917B4-D4E2-4CC8-A6F4-12B8834C57A9}.Debug|Any CPU.Build.0 = Debug|Any CPU
		{084917B4-D4E2-4CC8-A6F4-12B8834C57A9}.Release|Any CPU.ActiveCfg = Release|Any CPU
		{084917B4-D4E2-4CC8-A6F4-12B8834C57A9}.Release|Any CPU.Build.0 = Release|Any CPU
	EndGlobalSection
	GlobalSection(SolutionProperties) = preSolution
		HideSolutionNode = FALSE
	EndGlobalSection
	GlobalSection(ExtensibilityGlobals) = postSolution
		SolutionGuid = {C6BB58FA-18B2-4B86-83AB-82B589EFB61D}
	EndGlobalSection
EndGlobal
